
Microsoft Visual Studio Solution File, Format Version 11.00
# Visual Studio 2010
Project("{FAE04EC0-301F-11D3-BF4B-00C04F79EFBC}") = "CapstoneProject", "CapstoneProject\CapstoneProject\CapstoneProject.csproj", "{35787854-0686-444B-B959-4916861839EE}"
EndProject
Project("{FAE04EC0-301F-11D3-BF4B-00C04F79EFBC}") = "CapstoneProjectContent", "CapstoneProject\CapstoneProjectContent\CapstoneProjectContent.contentproj", "{54D5B226-4DF6-4A49-866B-04ECC982987D}"
EndProject
Project("{FAE04EC0-301F-11D3-BF4B-00C04F79EFBC}") = "TileEngine", "TileEngine\TileEngine.csproj", "{3BE29A7A-ACFB-41D5-B317-C21DAEDE3853}"
EndProject
Project("{FAE04EC0-301F-11D3-BF4B-00C04F79EFBC}") = "Serialization", "Serialization\Serialization\Serialization.csproj", "{2EACC2BD-5297-4040-9E1C-584EB6A0FDF5}"
EndProject
Project("{FAE04EC0-301F-11D3-BF4B-00C04F79EFBC}") = "SerializationContent", "Serialization\SerializationContent\SerializationContent.contentproj", "{1715376C-620B-4569-A402-8940F093F06E}"
EndProject
Project("{FAE04EC0-301F-11D3-BF4B-00C04F79EFBC}") = "MapEditor", "MapEditor\MapEditor\MapEditor.csproj", "{215AC7CB-2F9B-4EA2-B632-AFCDE1356CC8}"
EndProject
Project("{FAE04EC0-301F-11D3-BF4B-00C04F79EFBC}") = "MapEditorContent", "MapEditor\MapEditorContent\MapEditorContent.contentproj", "{C1156559-7B38-45FB-AD49-6E7E1A425B49}"
EndProject
Project("{FAE04EC0-301F-11D3-BF4B-00C04F79EFBC}") = "GUI", "GUI\GUI.csproj", "{71C13EE1-E00F-46B7-BE5E-0B1C314E1CDA}"
EndProject
Project("{54435603-DBB4-11D2-8724-00A0C9A8B90C}") = "setup", "Setup1\Setup1.vdproj", "{A06F5528-18D5-4202-84F9-2A8381237353}"
EndProject
Global
	GlobalSection(SolutionConfigurationPlatforms) = preSolution
		Debug|x86 = Debug|x86
		Release|x86 = Release|x86
	EndGlobalSection
	GlobalSection(ProjectConfigurationPlatforms) = postSolution
		{35787854-0686-444B-B959-4916861839EE}.Debug|x86.ActiveCfg = Debug|x86
		{35787854-0686-444B-B959-4916861839EE}.Debug|x86.Build.0 = Debug|x86
		{35787854-0686-444B-B959-4916861839EE}.Release|x86.ActiveCfg = Release|x86
		{35787854-0686-444B-B959-4916861839EE}.Release|x86.Build.0 = Release|x86
		{54D5B226-4DF6-4A49-866B-04ECC982987D}.Debug|x86.ActiveCfg = Debug|x86
		{54D5B226-4DF6-4A49-866B-04ECC982987D}.Release|x86.ActiveCfg = Release|x86
		{54D5B226-4DF6-4A49-866B-04ECC982987D}.Release|x86.Build.0 = Release|x86
		{3BE29A7A-ACFB-41D5-B317-C21DAEDE3853}.Debug|x86.ActiveCfg = Debug|x86
		{3BE29A7A-ACFB-41D5-B317-C21DAEDE3853}.Debug|x86.Build.0 = Debug|x86
		{3BE29A7A-ACFB-41D5-B317-C21DAEDE3853}.Release|x86.ActiveCfg = Release|x86
		{3BE29A7A-ACFB-41D5-B317-C21DAEDE3853}.Release|x86.Build.0 = Release|x86
		{2EACC2BD-5297-4040-9E1C-584EB6A0FDF5}.Debug|x86.ActiveCfg = Debug|x86
		{2EACC2BD-5297-4040-9E1C-584EB6A0FDF5}.Debug|x86.Build.0 = Debug|x86
		{2EACC2BD-5297-4040-9E1C-584EB6A0FDF5}.Release|x86.ActiveCfg = Release|x86
		{2EACC2BD-5297-4040-9E1C-584EB6A0FDF5}.Release|x86.Build.0 = Release|x86
		{1715376C-620B-4569-A402-8940F093F06E}.Debug|x86.ActiveCfg = Debug|x86
		{1715376C-620B-4569-A402-8940F093F06E}.Release|x86.ActiveCfg = Release|x86
		{215AC7CB-2F9B-4EA2-B632-AFCDE1356CC8}.Debug|x86.ActiveCfg = Debug|x86
		{215AC7CB-2F9B-4EA2-B632-AFCDE1356CC8}.Debug|x86.Build.0 = Debug|x86
		{215AC7CB-2F9B-4EA2-B632-AFCDE1356CC8}.Release|x86.ActiveCfg = Release|x86
		{215AC7CB-2F9B-4EA2-B632-AFCDE1356CC8}.Release|x86.Build.0 = Release|x86
		{C1156559-7B38-45FB-AD49-6E7E1A425B49}.Debug|x86.ActiveCfg = Debug|x86
		{C1156559-7B38-45FB-AD49-6E7E1A425B49}.Release|x86.ActiveCfg = Release|x86
		{71C13EE1-E00F-46B7-BE5E-0B1C314E1CDA}.Debug|x86.ActiveCfg = Debug|x86
		{71C13EE1-E00F-46B7-BE5E-0B1C314E1CDA}.Debug|x86.Build.0 = Debug|x86
		{71C13EE1-E00F-46B7-BE5E-0B1C314E1CDA}.Release|x86.ActiveCfg = Release|x86
		{71C13EE1-E00F-46B7-BE5E-0B1C314E1CDA}.Release|x86.Build.0 = Release|x86
		{A06F5528-18D5-4202-84F9-2A8381237353}.Debug|x86.ActiveCfg = Debug
		{A06F5528-18D5-4202-84F9-2A8381237353}.Release|x86.ActiveCfg = Release
	EndGlobalSection
	GlobalSection(SolutionProperties) = preSolution
		HideSolutionNode = FALSE
	EndGlobalSection
EndGlobal
